[[package]]
name = "atomicwrites"
version = "1.4.0"
description = "Atomic file writes."
category = "dev"
optional = false
python-versions = ">=2.7, !=3.0.*, !=3.1.*, !=3.2.*, !=3.3.*"

[[package]]
name = "attrs"
version = "21.2.0"
description = "Classes Without Boilerplate"
category = "dev"
optional = false
python-versions = ">=2.7, !=3.0.*, !=3.1.*, !=3.2.*, !=3.3.*, !=3.4.*"

[package.extras]
dev = ["coverage[toml] (>=5.0.2)", "hypothesis", "pympler", "pytest (>=4.3.0)", "six", "mypy", "pytest-mypy-plugins", "zope.interface", "furo", "sphinx", "sphinx-notfound-page", "pre-commit"]
docs = ["furo", "sphinx", "zope.interface", "sphinx-notfound-page"]
tests = ["coverage[toml] (>=5.0.2)", "hypothesis", "pympler", "pytest (>=4.3.0)", "six", "mypy", "pytest-mypy-plugins", "zope.interface"]
tests_no_zope = ["coverage[toml] (>=5.0.2)", "hypothesis", "pympler", "pytest (>=4.3.0)", "six", "mypy", "pytest-mypy-plugins"]

[[package]]
name = "certifi"
version = "2021.5.30"
description = "Python package for providing Mozilla's CA Bundle."
category = "main"
optional = false
python-versions = "*"

[[package]]
name = "chardet"
version = "4.0.0"
description = "Universal encoding detector for Python 2 and 3"
category = "main"
optional = false
python-versions = ">=2.7, !=3.0.*, !=3.1.*, !=3.2.*, !=3.3.*, !=3.4.*"

[[package]]
name = "colorama"
version = "0.4.4"
description = "Cross-platform colored terminal text."
category = "main"
optional = false
python-versions = ">=2.7, !=3.0.*, !=3.1.*, !=3.2.*, !=3.3.*, !=3.4.*"

[[package]]
name = "dataclasses-json"
version = "0.5.4"
description = "Easily serialize dataclasses to and from JSON"
category = "main"
optional = false
python-versions = ">=3.6"

[package.dependencies]
marshmallow = ">=3.3.0,<4.0.0"
marshmallow-enum = ">=1.5.1,<2.0.0"
stringcase = "1.2.0"
typing-inspect = ">=0.4.0"

[package.extras]
dev = ["pytest (>=6.2.3)", "ipython", "mypy (>=0.710)", "hypothesis", "portray", "flake8", "simplejson"]

[[package]]
name = "idna"
version = "2.10"
description = "Internationalized Domain Names in Applications (IDNA)"
category = "main"
optional = false
python-versions = ">=2.7, !=3.0.*, !=3.1.*, !=3.2.*, !=3.3.*"

[[package]]
name = "iniconfig"
version = "1.1.1"
description = "iniconfig: brain-dead simple config-ini parsing"
category = "dev"
optional = false
python-versions = "*"

[[package]]
name = "loguru"
version = "0.5.3"
description = "Python logging made (stupidly) simple"
category = "main"
optional = false
python-versions = ">=3.5"

[package.dependencies]
colorama = {version = ">=0.3.4", markers = "sys_platform == \"win32\""}
win32-setctime = {version = ">=1.0.0", markers = "sys_platform == \"win32\""}

[package.extras]
dev = ["codecov (>=2.0.15)", "colorama (>=0.3.4)", "flake8 (>=3.7.7)", "tox (>=3.9.0)", "tox-travis (>=0.12)", "pytest (>=4.6.2)", "pytest-cov (>=2.7.1)", "Sphinx (>=2.2.1)", "sphinx-autobuild (>=0.7.1)", "sphinx-rtd-theme (>=0.4.3)", "black (>=19.10b0)", "isort (>=5.1.1)"]

[[package]]
name = "marshmallow"
version = "3.12.1"
description = "A lightweight library for converting complex datatypes to and from native Python datatypes."
category = "main"
optional = false
python-versions = ">=3.5"

[package.extras]
dev = ["pytest", "pytz", "simplejson", "mypy (==0.812)", "flake8 (==3.9.2)", "flake8-bugbear (==21.4.3)", "pre-commit (>=2.4,<3.0)", "tox"]
docs = ["sphinx (==4.0.0)", "sphinx-issues (==1.2.0)", "alabaster (==0.7.12)", "sphinx-version-warning (==1.1.2)", "autodocsumm (==0.2.4)"]
lint = ["mypy (==0.812)", "flake8 (==3.9.2)", "flake8-bugbear (==21.4.3)", "pre-commit (>=2.4,<3.0)"]
tests = ["pytest", "pytz", "simplejson"]

[[package]]
name = "marshmallow-enum"
version = "1.5.1"
description = "Enum field for Marshmallow"
category = "main"
optional = false
python-versions = "*"

[package.dependencies]
marshmallow = ">=2.0.0"

[[package]]
name = "mypy-extensions"
version = "0.4.3"
description = "Experimental type system extensions for programs checked with the mypy typechecker."
category = "main"
optional = false
python-versions = "*"

[[package]]
name = "orjson"
version = "3.5.3"
description = "Fast, correct Python JSON library supporting dataclasses, datetimes, and numpy"
category = "main"
optional = false
python-versions = ">=3.6"

[[package]]
name = "packaging"
version = "20.9"
description = "Core utilities for Python packages"
category = "dev"
optional = false
python-versions = ">=2.7, !=3.0.*, !=3.1.*, !=3.2.*, !=3.3.*"

[package.dependencies]
pyparsing = ">=2.0.2"

[[package]]
name = "pluggy"
version = "0.13.1"
description = "plugin and hook calling mechanisms for python"
category = "dev"
optional = false
python-versions = ">=2.7, !=3.0.*, !=3.1.*, !=3.2.*, !=3.3.*"

[package.extras]
dev = ["pre-commit", "tox"]

[[package]]
name = "py"
version = "1.10.0"
description = "library with cross-python path, ini-parsing, io, code, log facilities"
category = "dev"
optional = false
python-versions = ">=2.7, !=3.0.*, !=3.1.*, !=3.2.*, !=3.3.*"

[[package]]
name = "pydantic"
version = "1.8.2"
description = "Data validation and settings management using python 3.6 type hinting"
category = "main"
optional = false
python-versions = ">=3.6.1"

[package.dependencies]
typing-extensions = ">=3.7.4.3"

[package.extras]
dotenv = ["python-dotenv (>=0.10.4)"]
email = ["email-validator (>=1.0.3)"]

[[package]]
name = "pyparsing"
version = "2.4.7"
description = "Python parsing module"
category = "dev"
optional = false
python-versions = ">=2.6, !=3.0.*, !=3.1.*, !=3.2.*"

[[package]]
name = "pytest"
version = "6.2.4"
description = "pytest: simple powerful testing with Python"
category = "dev"
optional = false
python-versions = ">=3.6"

[package.dependencies]
atomicwrites = {version = ">=1.0", markers = "sys_platform == \"win32\""}
attrs = ">=19.2.0"
colorama = {version = "*", markers = "sys_platform == \"win32\""}
iniconfig = "*"
packaging = "*"
pluggy = ">=0.12,<1.0.0a1"
py = ">=1.8.2"
toml = "*"

[package.extras]
testing = ["argcomplete", "hypothesis (>=3.56)", "mock", "nose", "requests", "xmlschema"]

[[package]]
name = "requests"
version = "2.25.1"
description = "Python HTTP for Humans."
category = "main"
optional = false
python-versions = ">=2.7, !=3.0.*, !=3.1.*, !=3.2.*, !=3.3.*, !=3.4.*"

[package.dependencies]
certifi = ">=2017.4.17"
chardet = ">=3.0.2,<5"
idna = ">=2.5,<3"
urllib3 = ">=1.21.1,<1.27"

[package.extras]
security = ["pyOpenSSL (>=0.14)", "cryptography (>=1.3.4)"]
socks = ["PySocks (>=1.5.6,!=1.5.7)", "win-inet-pton"]

[[package]]
name = "stringcase"
version = "1.2.0"
description = "String case converter."
category = "main"
optional = false
python-versions = "*"

[[package]]
name = "toml"
version = "0.10.2"
description = "Python Library for Tom's Obvious, Minimal Language"
category = "dev"
optional = false
python-versions = ">=2.6, !=3.0.*, !=3.1.*, !=3.2.*"

[[package]]
name = "typing-extensions"
version = "3.10.0.0"
description = "Backported and Experimental Type Hints for Python 3.5+"
category = "main"
optional = false
python-versions = "*"

[[package]]
name = "typing-inspect"
version = "0.7.1"
description = "Runtime inspection utilities for typing module."
category = "main"
optional = false
python-versions = "*"

[package.dependencies]
mypy-extensions = ">=0.3.0"
typing-extensions = ">=3.7.4"

[[package]]
name = "urllib3"
version = "1.26.5"
description = "HTTP library with thread-safe connection pooling, file post, and more."
category = "main"
optional = false
python-versions = ">=2.7, !=3.0.*, !=3.1.*, !=3.2.*, !=3.3.*, !=3.4.*, <4"

[package.extras]
brotli = ["brotlipy (>=0.6.0)"]
secure = ["pyOpenSSL (>=0.14)", "cryptography (>=1.3.4)", "idna (>=2.0.0)", "certifi", "ipaddress"]
socks = ["PySocks (>=1.5.6,!=1.5.7,<2.0)"]

[[package]]
name = "win32-setctime"
version = "1.0.3"
description = "A small Python utility to set file creation time on Windows"
category = "main"
optional = false
python-versions = ">=3.5"

[package.extras]
dev = ["pytest (>=4.6.2)", "black (>=19.3b0)"]

[metadata]
lock-version = "1.1"
python-versions = "^3.9"
content-hash = "5abd8641675932035deb2e9b5c4fbc83cbfd9d9143530fa9d22b004b6506a7f8"

[metadata.files]
atomicwrites = [
    {file = "atomicwrites-1.4.0-py2.py3-none-any.whl", hash = "sha256:6d1784dea7c0c8d4a5172b6c620f40b6e4cbfdf96d783691f2e1302a7b88e197"},
    {file = "atomicwrites-1.4.0.tar.gz", hash = "sha256:ae70396ad1a434f9c7046fd2dd196fc04b12f9e91ffb859164193be8b6168a7a"},
]
attrs = [
    {file = "attrs-21.2.0-py2.py3-none-any.whl", hash = "sha256:149e90d6d8ac20db7a955ad60cf0e6881a3f20d37096140088356da6c716b0b1"},
    {file = "attrs-21.2.0.tar.gz", hash = "sha256:ef6aaac3ca6cd92904cdd0d83f629a15f18053ec84e6432106f7a4d04ae4f5fb"},
]
certifi = [
    {file = "certifi-2021.5.30-py2.py3-none-any.whl", hash = "sha256:50b1e4f8446b06f41be7dd6338db18e0990601dce795c2b1686458aa7e8fa7d8"},
    {file = "certifi-2021.5.30.tar.gz", hash = "sha256:2bbf76fd432960138b3ef6dda3dde0544f27cbf8546c458e60baf371917ba9ee"},
]
chardet = [
    {file = "chardet-4.0.0-py2.py3-none-any.whl", hash = "sha256:f864054d66fd9118f2e67044ac8981a54775ec5b67aed0441892edb553d21da5"},
    {file = "chardet-4.0.0.tar.gz", hash = "sha256:0d6f53a15db4120f2b08c94f11e7d93d2c911ee118b6b30a04ec3ee8310179fa"},
]
colorama = [
    {file = "colorama-0.4.4-py2.py3-none-any.whl", hash = "sha256:9f47eda37229f68eee03b24b9748937c7dc3868f906e8ba69fbcbdd3bc5dc3e2"},
    {file = "colorama-0.4.4.tar.gz", hash = "sha256:5941b2b48a20143d2267e95b1c2a7603ce057ee39fd88e7329b0c292aa16869b"},
]
dataclasses-json = [
    {file = "dataclasses-json-0.5.4.tar.gz", hash = "sha256:6c3976816fd3cdd8db3be2b516b64fc083acd46ac22c680d3dc24cb1d6ae3367"},
    {file = "dataclasses_json-0.5.4-py3-none-any.whl", hash = "sha256:0b25143f621d0122a2de123c156a5f6909c28d0fdd8c2e1ca2a6e4042130ad32"},
]
idna = [
    {file = "idna-2.10-py2.py3-none-any.whl", hash = "sha256:b97d804b1e9b523befed77c48dacec60e6dcb0b5391d57af6a65a312a90648c0"},
    {file = "idna-2.10.tar.gz", hash = "sha256:b307872f855b18632ce0c21c5e45be78c0ea7ae4c15c828c20788b26921eb3f6"},
]
iniconfig = [
    {file = "iniconfig-1.1.1-py2.py3-none-any.whl", hash = "sha256:011e24c64b7f47f6ebd835bb12a743f2fbe9a26d4cecaa7f53bc4f35ee9da8b3"},
    {file = "iniconfig-1.1.1.tar.gz", hash = "sha256:bc3af051d7d14b2ee5ef9969666def0cd1a000e121eaea580d4a313df4b37f32"},
]
loguru = [
    {file = "loguru-0.5.3-py3-none-any.whl", hash = "sha256:f8087ac396b5ee5f67c963b495d615ebbceac2796379599820e324419d53667c"},
    {file = "loguru-0.5.3.tar.gz", hash = "sha256:b28e72ac7a98be3d28ad28570299a393dfcd32e5e3f6a353dec94675767b6319"},
]
marshmallow = [
    {file = "marshmallow-3.12.1-py2.py3-none-any.whl", hash = "sha256:b45cde981d1835145257b4a3c5cb7b80786dcf5f50dd2990749a50c16cb48e01"},
    {file = "marshmallow-3.12.1.tar.gz", hash = "sha256:8050475b70470cc58f4441ee92375db611792ba39ca1ad41d39cad193ea9e040"},
]
marshmallow-enum = [
    {file = "marshmallow-enum-1.5.1.tar.gz", hash = "sha256:38e697e11f45a8e64b4a1e664000897c659b60aa57bfa18d44e226a9920b6e58"},
    {file = "marshmallow_enum-1.5.1-py2.py3-none-any.whl", hash = "sha256:57161ab3dbfde4f57adeb12090f39592e992b9c86d206d02f6bd03ebec60f072"},
]
mypy-extensions = [
    {file = "mypy_extensions-0.4.3-py2.py3-none-any.whl", hash = "sha256:090fedd75945a69ae91ce1303b5824f428daf5a028d2f6ab8a299250a846f15d"},
    {file = "mypy_extensions-0.4.3.tar.gz", hash = "sha256:2d82818f5bb3e369420cb3c4060a7970edba416647068eb4c5343488a6c604a8"},
]
orjson = [
    {file = "orjson-3.5.3-cp36-cp36m-macosx_10_7_x86_64.whl", hash = "sha256:f22e2b3a1686a0f90aca920a522033b326cb2f945c8ed8fd8effa9f302672627"},
    {file = "orjson-3.5.3-cp36-cp36m-macosx_10_9_universal2.whl", hash = "sha256:eb0cfe56687ac915e83dcfa1aa100e68883b42fe8eecae7275dc05da8cf96faa"},
    {file = "orjson-3.5.3-cp36-cp36m-manylinux_2_17_aarch64.manylinux2014_aarch64.whl", hash = "sha256:f697b8e3dceb787c173184cd4ec8331c27e0af7cc75d43759abcb5d2464d1ade"},
    {file = "orjson-3.5.3-cp36-cp36m-manylinux_2_17_x86_64.manylinux2014_x86_64.whl", hash = "sha256:b2add8eeb14746f961330330ab5ce3dd09c858fb634eeeb26ceac14443e82830"},
    {file = "orjson-3.5.3-cp36-none-win_amd64.whl", hash = "sha256:7e65fc393a77b5db391f28c7ccfcdc844f9dd0624e42dcf17d36fc20ddd3f3a0"},
    {file = "orjson-3.5.3-cp37-cp37m-macosx_10_7_x86_64.whl", hash = "sha256:4c80de99cb9617fe023201b543b8ed4b02dd8b52fbf7dd9b399d3b9d5f352398"},
    {file = "orjson-3.5.3-cp37-cp37m-macosx_10_9_universal2.whl", hash = "sha256:b3b7ffdca6408b268aed9492e8558ac80f2e3bb362b992c2e7ecbbeb49b2a51e"},
    {file = "orjson-3.5.3-cp37-cp37m-manylinux_2_17_aarch64.manylinux2014_aarch64.whl", hash = "sha256:ed823902b9e8c5130e0c67d317eab9ec200e45d26b96510efb7ae39f732ef24c"},
    {file = "orjson-3.5.3-cp37-cp37m-manylinux_2_17_x86_64.manylinux2014_x86_64.whl", hash = "sha256:b427ad034625ed522b683c1333ab2de83c25c1787fee47968a27f72fa2b55dca"},
    {file = "orjson-3.5.3-cp37-none-win_amd64.whl", hash = "sha256:0c70bee40f215ede3949b34f1ae6b5260e108c00c914a7c62741ce6f8de2e27c"},
    {file = "orjson-3.5.3-cp38-cp38-macosx_10_7_x86_64.whl", hash = "sha256:e0e74f47a3aafc6751d6dc238e34b38ae9a77a2373b98a722c428d832c919617"},
    {file = "orjson-3.5.3-cp38-cp38-macosx_10_9_universal2.whl", hash = "sha256:91c31999cbd4650459ef5160f5cf248cb4a7f1e24407f90cd9c58d113d335561"},
    {file = "orjson-3.5.3-cp38-cp38-manylinux_2_17_aarch64.manylinux2014_aarch64.whl", hash = "sha256:dbe2b73de6febbcfd8b8ee9629e11d33f88f54bf675cacced7bfee84684fec93"},
    {file = "orjson-3.5.3-cp38-cp38-manylinux_2_17_x86_64.manylinux2014_x86_64.whl", hash = "sha256:27fa08fe5d2b9913b3ac8728960971544f255778e120849add596d67a7720f1f"},
    {file = "orjson-3.5.3-cp38-none-win_amd64.whl", hash = "sha256:dcf711f6e4f5ee33206d51436eb9a2322a4338fd9081729c662e37d062f51c9d"},
    {file = "orjson-3.5.3-cp39-cp39-macosx_10_7_x86_64.whl", hash = "sha256:6186755180e53436ebac3e0ce1590b27f218727f888c6e3f4c8fdabcb3ef840e"},
    {file = "orjson-3.5.3-cp39-cp39-macosx_10_9_universal2.whl", hash = "sha256:d61edb73c5a7287e776dc000c056d59e1cc8d548cc672977b74e74c0164be3ef"},
    {file = "orjson-3.5.3-cp39-cp39-manylinux_2_17_aarch64.manylinux2014_aarch64.whl", hash = "sha256:0eeb1dd42a4613d7032146e4693f44b334c150eae193a91a14789ac89c1d7455"},
    {file = "orjson-3.5.3-cp39-cp39-manylinux_2_17_x86_64.manylinux2014_x86_64.whl", hash = "sha256:45b249d9d7ef6f241bca0a09cde57c99d019a0ca73df9bffb25c768b0f806b6d"},
    {file = "orjson-3.5.3-cp39-none-win_amd64.whl", hash = "sha256:111ebdbca5fe51d4b22d155861ec8d35ce48f62d92717ed5828566b13a284c1a"},
    {file = "orjson-3.5.3.tar.gz", hash = "sha256:8818f651ef7ed55f7c0ee34fa51f3de0988dd35386e8cefd0c2e1f32ff9f1966"},
]
packaging = [
    {file = "packaging-20.9-py2.py3-none-any.whl", hash = "sha256:67714da7f7bc052e064859c05c595155bd1ee9f69f76557e21f051443c20947a"},
    {file = "packaging-20.9.tar.gz", hash = "sha256:5b327ac1320dc863dca72f4514ecc086f31186744b84a230374cc1fd776feae5"},
]
pluggy = [
    {file = "pluggy-0.13.1-py2.py3-none-any.whl", hash = "sha256:966c145cd83c96502c3c3868f50408687b38434af77734af1e9ca461a4081d2d"},
    {file = "pluggy-0.13.1.tar.gz", hash = "sha256:15b2acde666561e1298d71b523007ed7364de07029219b604cf808bfa1c765b0"},
]
py = [
    {file = "py-1.10.0-py2.py3-none-any.whl", hash = "sha256:3b80836aa6d1feeaa108e046da6423ab8f6ceda6468545ae8d02d9d58d18818a"},
    {file = "py-1.10.0.tar.gz", hash = "sha256:21b81bda15b66ef5e1a777a21c4dcd9c20ad3efd0b3f817e7a809035269e1bd3"},
]
pydantic = [
    {file = "pydantic-1.8.2-cp36-cp36m-macosx_10_9_x86_64.whl", hash = "sha256:05ddfd37c1720c392f4e0d43c484217b7521558302e7069ce8d318438d297739"},
    {file = "pydantic-1.8.2-cp36-cp36m-manylinux1_i686.whl", hash = "sha256:a7c6002203fe2c5a1b5cbb141bb85060cbff88c2d78eccbc72d97eb7022c43e4"},
    {file = "pydantic-1.8.2-cp36-cp36m-manylinux2014_i686.whl", hash = "sha256:589eb6cd6361e8ac341db97602eb7f354551482368a37f4fd086c0733548308e"},
    {file = "pydantic-1.8.2-cp36-cp36m-manylinux2014_x86_64.whl", hash = "sha256:10e5622224245941efc193ad1d159887872776df7a8fd592ed746aa25d071840"},
    {file = "pydantic-1.8.2-cp36-cp36m-win_amd64.whl", hash = "sha256:99a9fc39470010c45c161a1dc584997f1feb13f689ecf645f59bb4ba623e586b"},
    {file = "pydantic-1.8.2-cp37-cp37m-macosx_10_9_x86_64.whl", hash = "sha256:a83db7205f60c6a86f2c44a61791d993dff4b73135df1973ecd9eed5ea0bda20"},
    {file = "pydantic-1.8.2-cp37-cp37m-manylinux1_i686.whl", hash = "sha256:41b542c0b3c42dc17da70554bc6f38cbc30d7066d2c2815a94499b5684582ecb"},
    {file = "pydantic-1.8.2-cp37-cp37m-manylinux2014_i686.whl", hash = "sha256:ea5cb40a3b23b3265f6325727ddfc45141b08ed665458be8c6285e7b85bd73a1"},
    {file = "pydantic-1.8.2-cp37-cp37m-manylinux2014_x86_64.whl", hash = "sha256:18b5ea242dd3e62dbf89b2b0ec9ba6c7b5abaf6af85b95a97b00279f65845a23"},
    {file = "pydantic-1.8.2-cp37-cp37m-win_amd64.whl", hash = "sha256:234a6c19f1c14e25e362cb05c68afb7f183eb931dd3cd4605eafff055ebbf287"},
    {file = "pydantic-1.8.2-cp38-cp38-macosx_10_9_x86_64.whl", hash = "sha256:021ea0e4133e8c824775a0cfe098677acf6fa5a3cbf9206a376eed3fc09302cd"},
    {file = "pydantic-1.8.2-cp38-cp38-manylinux1_i686.whl", hash = "sha256:e710876437bc07bd414ff453ac8ec63d219e7690128d925c6e82889d674bb505"},
    {file = "pydantic-1.8.2-cp38-cp38-manylinux2014_i686.whl", hash = "sha256:ac8eed4ca3bd3aadc58a13c2aa93cd8a884bcf21cb019f8cfecaae3b6ce3746e"},
    {file = "pydantic-1.8.2-cp38-cp38-manylinux2014_x86_64.whl", hash = "sha256:4a03cbbe743e9c7247ceae6f0d8898f7a64bb65800a45cbdc52d65e370570820"},
    {file = "pydantic-1.8.2-cp38-cp38-win_amd64.whl", hash = "sha256:8621559dcf5afacf0069ed194278f35c255dc1a1385c28b32dd6c110fd6531b3"},
    {file = "pydantic-1.8.2-cp39-cp39-macosx_10_9_x86_64.whl", hash = "sha256:8b223557f9510cf0bfd8b01316bf6dd281cf41826607eada99662f5e4963f316"},
    {file = "pydantic-1.8.2-cp39-cp39-manylinux1_i686.whl", hash = "sha256:244ad78eeb388a43b0c927e74d3af78008e944074b7d0f4f696ddd5b2af43c62"},
    {file = "pydantic-1.8.2-cp39-cp39-manylinux2014_i686.whl", hash = "sha256:05ef5246a7ffd2ce12a619cbb29f3307b7c4509307b1b49f456657b43529dc6f"},
    {file = "pydantic-1.8.2-cp39-cp39-manylinux2014_x86_64.whl", hash = "sha256:54cd5121383f4a461ff7644c7ca20c0419d58052db70d8791eacbbe31528916b"},
    {file = "pydantic-1.8.2-cp39-cp39-win_amd64.whl", hash = "sha256:4be75bebf676a5f0f87937c6ddb061fa39cbea067240d98e298508c1bda6f3f3"},
    {file = "pydantic-1.8.2-py3-none-any.whl", hash = "sha256:fec866a0b59f372b7e776f2d7308511784dace622e0992a0b59ea3ccee0ae833"},
    {file = "pydantic-1.8.2.tar.gz", hash = "sha256:26464e57ccaafe72b7ad156fdaa4e9b9ef051f69e175dbbb463283000c05ab7b"},
]
pyparsing = [
    {file = "pyparsing-2.4.7-py2.py3-none-any.whl", hash = "sha256:ef9d7589ef3c200abe66653d3f1ab1033c3c419ae9b9bdb1240a85b024efc88b"},
    {file = "pyparsing-2.4.7.tar.gz", hash = "sha256:c203ec8783bf771a155b207279b9bccb8dea02d8f0c9e5f8ead507bc3246ecc1"},
]
pytest = [
    {file = "pytest-6.2.4-py3-none-any.whl", hash = "sha256:91ef2131a9bd6be8f76f1f08eac5c5317221d6ad1e143ae03894b862e8976890"},
    {file = "pytest-6.2.4.tar.gz", hash = "sha256:50bcad0a0b9c5a72c8e4e7c9855a3ad496ca6a881a3641b4260605450772c54b"},
]
requests = [
    {file = "requests-2.25.1-py2.py3-none-any.whl", hash = "sha256:c210084e36a42ae6b9219e00e48287def368a26d03a048ddad7bfee44f75871e"},
    {file = "requests-2.25.1.tar.gz", hash = "sha256:27973dd4a904a4f13b263a19c866c13b92a39ed1c964655f025f3f8d3d75b804"},
]
stringcase = [
    {file = "stringcase-1.2.0.tar.gz", hash = "sha256:48a06980661908efe8d9d34eab2b6c13aefa2163b3ced26972902e3bdfd87008"},
]
toml = [
    {file = "toml-0.10.2-py2.py3-none-any.whl", hash = "sha256:806143ae5bfb6a3c6e736a764057db0e6a0e05e338b5630894a5f779cabb4f9b"},
    {file = "toml-0.10.2.tar.gz", hash = "sha256:b3bda1d108d5dd99f4a20d24d9c348e91c4db7ab1b749200bded2f839ccbe68f"},
]
typing-extensions = [
    {file = "typing_extensions-3.10.0.0-py2-none-any.whl", hash = "sha256:0ac0f89795dd19de6b97debb0c6af1c70987fd80a2d62d1958f7e56fcc31b497"},
    {file = "typing_extensions-3.10.0.0-py3-none-any.whl", hash = "sha256:779383f6086d90c99ae41cf0ff39aac8a7937a9283ce0a414e5dd782f4c94a84"},
    {file = "typing_extensions-3.10.0.0.tar.gz", hash = "sha256:50b6f157849174217d0656f99dc82fe932884fb250826c18350e159ec6cdf342"},
]
typing-inspect = [
    {file = "typing_inspect-0.7.1-py2-none-any.whl", hash = "sha256:b1f56c0783ef0f25fb064a01be6e5407e54cf4a4bf4f3ba3fe51e0bd6dcea9e5"},
    {file = "typing_inspect-0.7.1-py3-none-any.whl", hash = "sha256:3cd7d4563e997719a710a3bfe7ffb544c6b72069b6812a02e9b414a8fa3aaa6b"},
    {file = "typing_inspect-0.7.1.tar.gz", hash = "sha256:047d4097d9b17f46531bf6f014356111a1b6fb821a24fe7ac909853ca2a782aa"},
]
urllib3 = [
    {file = "urllib3-1.26.5-py2.py3-none-any.whl", hash = "sha256:753a0374df26658f99d826cfe40394a686d05985786d946fbe4165b5148f5a7c"},
    {file = "urllib3-1.26.5.tar.gz", hash = "sha256:a7acd0977125325f516bda9735fa7142b909a8d01e8b2e4c8108d0984e6e0098"},
]
win32-setctime = [
    {file = "win32_setctime-1.0.3-py3-none-any.whl", hash = "sha256:dc925662de0a6eb987f0b01f599c01a8236cb8c62831c22d9cada09ad958243e"},
    {file = "win32_setctime-1.0.3.tar.gz", hash = "sha256:4e88556c32fdf47f64165a2180ba4552f8bb32c1103a2fafd05723a0bd42bd4b"},
]
